
Microsoft Visual Studio Solution File, Format Version 12.00
# Visual Studio 15
VisualStudioVersion = 15.0.28307.779
MinimumVisualStudioVersion = 10.0.40219.1
Project("{FAE04EC0-301F-11D3-BF4B-00C04F79EFBC}") = "Via.Android", "Via.Android\Via.Android.csproj", "{C8AB5F48-EC93-48AC-B567-AEF01B7183B6}"
EndProject
Project("{FAE04EC0-301F-11D3-BF4B-00C04F79EFBC}") = "Via.iOS", "Via.iOS\Via.iOS.csproj", "{714BF9CE-5565-4A56-9938-B1ADD00F0357}"
EndProject
Project("{9A19103F-16F7-4668-BE54-9A1E7A4F7556}") = "Via", "Via\Via.csproj", "{B55C7057-A715-4643-A281-55B36F15B789}"
EndProject
Global
	GlobalSection(SolutionConfigurationPlatforms) = preSolution
		Ad-Hoc|Any CPU = Ad-Hoc|Any CPU
		Ad-Hoc|iPhone = Ad-Hoc|iPhone
		Ad-Hoc|iPhoneSimulator = Ad-Hoc|iPhoneSimulator
		AppStore|Any CPU = AppStore|Any CPU
		AppStore|iPhone = AppStore|iPhone
		AppStore|iPhoneSimulator = AppStore|iPhoneSimulator
		Debug|Any CPU = Debug|Any CPU
		Debug|iPhone = Debug|iPhone
		Debug|iPhoneSimulator = Debug|iPhoneSimulator
		Release|Any CPU = Release|Any CPU
		Release|iPhone = Release|iPhone
		Release|iPhoneSimulator = Release|iPhoneSimulator
	EndGlobalSection
	GlobalSection(ProjectConfigurationPlatforms) = postSolution
		{C8AB5F48-EC93-48AC-B567-AEF01B7183B6}.Ad-Hoc|Any CPU.ActiveCfg = Release|Any CPU
		{C8AB5F48-EC93-48AC-B567-AEF01B7183B6}.Ad-Hoc|Any CPU.Build.0 = Release|Any CPU
		{C8AB5F48-EC93-48AC-B567-AEF01B7183B6}.Ad-Hoc|Any CPU.Deploy.0 = Release|Any CPU
		{C8AB5F48-EC93-48AC-B567-AEF01B7183B6}.Ad-Hoc|iPhone.ActiveCfg = Debug|Any CPU
		{C8AB5F48-EC93-48AC-B567-AEF01B7183B6}.Ad-Hoc|iPhone.Build.0 = Debug|Any CPU
		{C8AB5F48-EC93-48AC-B567-AEF01B7183B6}.Ad-Hoc|iPhoneSimulator.ActiveCfg = Release|Any CPU
		{C8AB5F48-EC93-48AC-B567-AEF01B7183B6}.Ad-Hoc|iPhoneSimulator.Build.0 = Release|Any CPU
		{C8AB5F48-EC93-48AC-B567-AEF01B7183B6}.Ad-Hoc|iPhoneSimulator.Deploy.0 = Release|Any CPU
		{C8AB5F48-EC93-48AC-B567-AEF01B7183B6}.AppStore|Any CPU.ActiveCfg = Release|Any CPU
		{C8AB5F48-EC93-48AC-B567-AEF01B7183B6}.AppStore|Any CPU.Build.0 = Release|Any CPU
		{C8AB5F48-EC93-48AC-B567-AEF01B7183B6}.AppStore|Any CPU.Deploy.0 = Release|Any CPU
		{C8AB5F48-EC93-48AC-B567-AEF01B7183B6}.AppStore|iPhone.ActiveCfg = Debug|Any CPU
		{C8AB5F48-EC93-48AC-B567-AEF01B7183B6}.AppStore|iPhone.Build.0 = Debug|Any CPU
		{C8AB5F48-EC93-48AC-B567-AEF01B7183B6}.AppStore|iPhoneSimulator.ActiveCfg = Release|Any CPU
		{C8AB5F48-EC93-48AC-B567-AEF01B7183B6}.AppStore|iPhoneSimulator.Build.0 = Release|Any CPU
		{C8AB5F48-EC93-48AC-B567-AEF01B7183B6}.AppStore|iPhoneSimulator.Deploy.0 = Release|Any CPU
		{C8AB5F48-EC93-48AC-B567-AEF01B7183B6}.Debug|Any CPU.ActiveCfg = Debug|Any CPU
		{C8AB5F48-EC93-48AC-B567-AEF01B7183B6}.Debug|Any CPU.Build.0 = Debug|Any CPU
		{C8AB5F48-EC93-48AC-B567-AEF01B7183B6}.Debug|Any CPU.Deploy.0 = Debug|Any CPU
		{C8AB5F48-EC93-48AC-B567-AEF01B7183B6}.Debug|iPhone.ActiveCfg = Debug|Any CPU
		{C8AB5F48-EC93-48AC-B567-AEF01B7183B6}.Debug|iPhone.Build.0 = Debug|Any CPU
		{C8AB5F48-EC93-48AC-B567-AEF01B7183B6}.Debug|iPhone.Deploy.0 = Debug|Any CPU
		{C8AB5F48-EC93-48AC-B567-AEF01B7183B6}.Debug|iPhoneSimulator.ActiveCfg = Debug|Any CPU
		{C8AB5F48-EC93-48AC-B567-AEF01B7183B6}.Debug|iPhoneSimulator.Build.0 = Debug|Any CPU
		{C8AB5F48-EC93-48AC-B567-AEF01B7183B6}.Debug|iPhoneSimulator.Deploy.0 = Debug|Any CPU
		{C8AB5F48-EC93-48AC-B567-AEF01B7183B6}.Release|Any CPU.ActiveCfg = Release|Any CPU
		{C8AB5F48-EC93-48AC-B567-AEF01B7183B6}.Release|Any CPU.Build.0 = Release|Any CPU
		{C8AB5F48-EC93-48AC-B567-AEF01B7183B6}.Release|Any CPU.Deploy.0 = Release|Any CPU
		{C8AB5F48-EC93-48AC-B567-AEF01B7183B6}.Release|iPhone.ActiveCfg = Release|Any CPU
		{C8AB5F48-EC93-48AC-B567-AEF01B7183B6}.Release|iPhone.Build.0 = Release|Any CPU
		{C8AB5F48-EC93-48AC-B567-AEF01B7183B6}.Release|iPhoneSimulator.ActiveCfg = Release|Any CPU
		{C8AB5F48-EC93-48AC-B567-AEF01B7183B6}.Release|iPhoneSimulator.Build.0 = Release|Any CPU
		{714BF9CE-5565-4A56-9938-B1ADD00F0357}.Ad-Hoc|Any CPU.ActiveCfg = Debug|iPhoneSimulator
		{714BF9CE-5565-4A56-9938-B1ADD00F0357}.Ad-Hoc|Any CPU.Build.0 = Debug|iPhoneSimulator
		{714BF9CE-5565-4A56-9938-B1ADD00F0357}.Ad-Hoc|iPhone.ActiveCfg = Ad-Hoc|iPhone
		{714BF9CE-5565-4A56-9938-B1ADD00F0357}.Ad-Hoc|iPhone.Build.0 = Ad-Hoc|iPhone
		{714BF9CE-5565-4A56-9938-B1ADD00F0357}.Ad-Hoc|iPhoneSimulator.ActiveCfg = Ad-Hoc|iPhoneSimulator
		{714BF9CE-5565-4A56-9938-B1ADD00F0357}.Ad-Hoc|iPhoneSimulator.Build.0 = Ad-Hoc|iPhoneSimulator
		{714BF9CE-5565-4A56-9938-B1ADD00F0357}.AppStore|Any CPU.ActiveCfg = AppStore|iPhoneSimulator
		{714BF9CE-5565-4A56-9938-B1ADD00F0357}.AppStore|iPhone.ActiveCfg = AppStore|iPhone
		{714BF9CE-5565-4A56-9938-B1ADD00F0357}.AppStore|iPhone.Build.0 = AppStore|iPhone
		{714BF9CE-5565-4A56-9938-B1ADD00F0357}.AppStore|iPhoneSimulator.ActiveCfg = AppStore|iPhoneSimulator
		{714BF9CE-5565-4A56-9938-B1ADD00F0357}.AppStore|iPhoneSimulator.Build.0 = AppStore|iPhoneSimulator
		{714BF9CE-5565-4A56-9938-B1ADD00F0357}.Debug|Any CPU.ActiveCfg = Debug|iPhoneSimulator
		{714BF9CE-5565-4A56-9938-B1ADD00F0357}.Debug|Any CPU.Build.0 = Debug|iPhoneSimulator
		{714BF9CE-5565-4A56-9938-B1ADD00F0357}.Debug|iPhone.ActiveCfg = Debug|iPhone
		{714BF9CE-5565-4A56-9938-B1ADD00F0357}.Debug|iPhone.Build.0 = Debug|iPhone
		{714BF9CE-5565-4A56-9938-B1ADD00F0357}.Debug|iPhoneSimulator.ActiveCfg = Debug|iPhoneSimulator
		{714BF9CE-5565-4A56-9938-B1ADD00F0357}.Debug|iPhoneSimulator.Build.0 = Debug|iPhoneSimulator
		{714BF9CE-5565-4A56-9938-B1ADD00F0357}.Release|Any CPU.ActiveCfg = Release|iPhoneSimulator
		{714BF9CE-5565-4A56-9938-B1ADD00F0357}.Release|Any CPU.Build.0 = Release|iPhoneSimulator
		{714BF9CE-5565-4A56-9938-B1ADD00F0357}.Release|iPhone.ActiveCfg = Release|iPhone
		{714BF9CE-5565-4A56-9938-B1ADD00F0357}.Release|iPhone.Build.0 = Release|iPhone
		{714BF9CE-5565-4A56-9938-B1ADD00F0357}.Release|iPhoneSimulator.ActiveCfg = Release|iPhoneSimulator
		{714BF9CE-5565-4A56-9938-B1ADD00F0357}.Release|iPhoneSimulator.Build.0 = Release|iPhoneSimulator
		{B55C7057-A715-4643-A281-55B36F15B789}.Ad-Hoc|Any CPU.ActiveCfg = Release|Any CPU
		{B55C7057-A715-4643-A281-55B36F15B789}.Ad-Hoc|Any CPU.Build.0 = Release|Any CPU
		{B55C7057-A715-4643-A281-55B36F15B789}.Ad-Hoc|iPhone.ActiveCfg = Debug|Any CPU
		{B55C7057-A715-4643-A281-55B36F15B789}.Ad-Hoc|iPhone.Build.0 = Debug|Any CPU
		{B55C7057-A715-4643-A281-55B36F15B789}.Ad-Hoc|iPhoneSimulator.ActiveCfg = Release|Any CPU
		{B55C7057-A715-4643-A281-55B36F15B789}.Ad-Hoc|iPhoneSimulator.Build.0 = Release|Any CPU
		{B55C7057-A715-4643-A281-55B36F15B789}.AppStore|Any CPU.ActiveCfg = Release|Any CPU
		{B55C7057-A715-4643-A281-55B36F15B789}.AppStore|Any CPU.Build.0 = Release|Any CPU
		{B55C7057-A715-4643-A281-55B36F15B789}.AppStore|iPhone.ActiveCfg = Debug|Any CPU
		{B55C7057-A715-4643-A281-55B36F15B789}.AppStore|iPhone.Build.0 = Debug|Any CPU
		{B55C7057-A715-4643-A281-55B36F15B789}.AppStore|iPhoneSimulator.ActiveCfg = Release|Any CPU
		{B55C7057-A715-4643-A281-55B36F15B789}.AppStore|iPhoneSimulator.Build.0 = Release|Any CPU
		{B55C7057-A715-4643-A281-55B36F15B789}.Debug|Any CPU.ActiveCfg = Debug|Any CPU
		{B55C7057-A715-4643-A281-55B36F15B789}.Debug|Any CPU.Build.0 = Debug|Any CPU
		{B55C7057-A715-4643-A281-55B36F15B789}.Debug|iPhone.ActiveCfg = Debug|Any CPU
		{B55C7057-A715-4643-A281-55B36F15B789}.Debug|iPhone.Build.0 = Debug|Any CPU
		{B55C7057-A715-4643-A281-55B36F15B789}.Debug|iPhoneSimulator.ActiveCfg = Debug|Any CPU
		{B55C7057-A715-4643-A281-55B36F15B789}.Debug|iPhoneSimulator.Build.0 = Debug|Any CPU
		{B55C7057-A715-4643-A281-55B36F15B789}.Release|Any CPU.ActiveCfg = Release|Any CPU
		{B55C7057-A715-4643-A281-55B36F15B789}.Release|Any CPU.Build.0 = Release|Any CPU
		{B55C7057-A715-4643-A281-55B36F15B789}.Release|iPhone.ActiveCfg = Release|Any CPU
		{B55C7057-A715-4643-A281-55B36F15B789}.Release|iPhone.Build.0 = Release|Any CPU
		{B55C7057-A715-4643-A281-55B36F15B789}.Release|iPhoneSimulator.ActiveCfg = Release|Any CPU
		{B55C7057-A715-4643-A281-55B36F15B789}.Release|iPhoneSimulator.Build.0 = Release|Any CPU
	EndGlobalSection
	GlobalSection(SolutionProperties) = preSolution
		HideSolutionNode = FALSE
	EndGlobalSection
	GlobalSection(ExtensibilityGlobals) = postSolution
		SolutionGuid = {09B28E88-2684-4985-A13C-BC29A3A3E49A}
	EndGlobalSection
EndGlobal
